
Microsoft Visual Studio Solution File, Format Version 12.00
# Visual Studio Version 16
VisualStudioVersion = 16.0.31424.327
MinimumVisualStudioVersion = 10.0.40219.1
Project("{FAE04EC0-301F-11D3-BF4B-00C04F79EFBC}") = "GameServer", "GameServer\GameServer.csproj", "{6053E09E-29E7-45C7-B8CA-5E07FE3BA2E6}"
EndProject
Project("{FAE04EC0-301F-11D3-BF4B-00C04F79EFBC}") = "Common", "Common\Common.csproj", "{55048BB3-0756-4ADF-81CA-4CDB2755D5EF}"
EndProject
Global
	GlobalSection(SolutionConfigurationPlatforms) = preSolution
		Debug|Any CPU = Debug|Any CPU
		Release|Any CPU = Release|Any CPU
	EndGlobalSection
	GlobalSection(ProjectConfigurationPlatforms) = postSolution
		{6053E09E-29E7-45C7-B8CA-5E07FE3BA2E6}.Debug|Any CPU.ActiveCfg = Debug|Any CPU
		{6053E09E-29E7-45C7-B8CA-5E07FE3BA2E6}.Debug|Any CPU.Build.0 = Debug|Any CPU
		{6053E09E-29E7-45C7-B8CA-5E07FE3BA2E6}.Release|Any CPU.ActiveCfg = Release|Any CPU
		{6053E09E-29E7-45C7-B8CA-5E07FE3BA2E6}.Release|Any CPU.Build.0 = Release|Any CPU
		{55048BB3-0756-4ADF-81CA-4CDB2755D5EF}.Debug|Any CPU.ActiveCfg = Debug|Any CPU
		{55048BB3-0756-4ADF-81CA-4CDB2755D5EF}.Debug|Any CPU.Build.0 = Debug|Any CPU
		{55048BB3-0756-4ADF-81CA-4CDB2755D5EF}.Release|Any CPU.ActiveCfg = Release|Any CPU
		{55048BB3-0756-4ADF-81CA-4CDB2755D5EF}.Release|Any CPU.Build.0 = Release|Any CPU
	EndGlobalSection
	GlobalSection(SolutionProperties) = preSolution
		HideSolutionNode = FALSE
	EndGlobalSection
	GlobalSection(ExtensibilityGlobals) = postSolution
		SolutionGuid = {FCCDAF47-3521-4526-9283-F9D5F75643B0}
	EndGlobalSection
EndGlobal
